
Microsoft Visual Studio Solution File, Format Version 12.00
# Visual Studio 2013
VisualStudioVersion = 12.0.21005.1
MinimumVisualStudioVersion = 10.0.40219.1
Project("{FAE04EC0-301F-11D3-BF4B-00C04F79EFBC}") = "Console01", "Console01\Console01.csproj", "{5E3976E9-5612-43B1-AAE5-337C3946BA98}"
EndProject
Project("{FAE04EC0-301F-11D3-BF4B-00C04F79EFBC}") = "WinForm01", "WinForm01\WinForm01.csproj", "{BD15771B-EBFC-4CDC-88EA-828EB0DA68D3}"
EndProject
Project("{FAE04EC0-301F-11D3-BF4B-00C04F79EFBC}") = "ConsoleQuadEquation", "ConsoleQuadEquation\ConsoleQuadEquation.csproj", "{F0E23697-8D49-467D-8EE8-CAA4B4406771}"
EndProject
Project("{FAE04EC0-301F-11D3-BF4B-00C04F79EFBC}") = "QuadEquationWinForm", "QuadEquationWinForm\QuadEquationWinForm.csproj", "{DAA59975-2A95-45DC-8C65-582B9DCA15B6}"
EndProject
Project("{FAE04EC0-301F-11D3-BF4B-00C04F79EFBC}") = "Arrays1", "Arrays1\Arrays1.csproj", "{61FFD38A-AB7E-41BD-9DD2-C1A96A890934}"
EndProject
Project("{FAE04EC0-301F-11D3-BF4B-00C04F79EFBC}") = "Arrays2", "Arrays2\Arrays2.csproj", "{0EB0D077-5DEF-4683-8DB8-6BB9B22BB625}"
EndProject
Project("{FAE04EC0-301F-11D3-BF4B-00C04F79EFBC}") = "OOPLib1", "OOPLib1\OOPLib1.csproj", "{EFE1F38C-2238-4260-9F51-936A0CA22429}"
EndProject
Project("{FAE04EC0-301F-11D3-BF4B-00C04F79EFBC}") = "OOP1", "ConsoleApplication1\OOP1.csproj", "{AD6E0056-4D9E-44CA-BDF2-99CBD64D8851}"
EndProject
Project("{FAE04EC0-301F-11D3-BF4B-00C04F79EFBC}") = "OOPLib2", "OOPLib2\OOPLib2.csproj", "{A557EEF1-C864-480E-BA69-E96924411A36}"
EndProject
Project("{FAE04EC0-301F-11D3-BF4B-00C04F79EFBC}") = "OOP2", "OOP2\OOP2.csproj", "{45005932-BA69-4E05-A513-F6769F468CC6}"
EndProject
Global
	GlobalSection(SolutionConfigurationPlatforms) = preSolution
		Debug|Any CPU = Debug|Any CPU
		Release|Any CPU = Release|Any CPU
	EndGlobalSection
	GlobalSection(ProjectConfigurationPlatforms) = postSolution
		{5E3976E9-5612-43B1-AAE5-337C3946BA98}.Debug|Any CPU.ActiveCfg = Debug|Any CPU
		{5E3976E9-5612-43B1-AAE5-337C3946BA98}.Debug|Any CPU.Build.0 = Debug|Any CPU
		{5E3976E9-5612-43B1-AAE5-337C3946BA98}.Release|Any CPU.ActiveCfg = Release|Any CPU
		{5E3976E9-5612-43B1-AAE5-337C3946BA98}.Release|Any CPU.Build.0 = Release|Any CPU
		{BD15771B-EBFC-4CDC-88EA-828EB0DA68D3}.Debug|Any CPU.ActiveCfg = Debug|Any CPU
		{BD15771B-EBFC-4CDC-88EA-828EB0DA68D3}.Debug|Any CPU.Build.0 = Debug|Any CPU
		{BD15771B-EBFC-4CDC-88EA-828EB0DA68D3}.Release|Any CPU.ActiveCfg = Release|Any CPU
		{BD15771B-EBFC-4CDC-88EA-828EB0DA68D3}.Release|Any CPU.Build.0 = Release|Any CPU
		{F0E23697-8D49-467D-8EE8-CAA4B4406771}.Debug|Any CPU.ActiveCfg = Debug|Any CPU
		{F0E23697-8D49-467D-8EE8-CAA4B4406771}.Debug|Any CPU.Build.0 = Debug|Any CPU
		{F0E23697-8D49-467D-8EE8-CAA4B4406771}.Release|Any CPU.ActiveCfg = Release|Any CPU
		{F0E23697-8D49-467D-8EE8-CAA4B4406771}.Release|Any CPU.Build.0 = Release|Any CPU
		{DAA59975-2A95-45DC-8C65-582B9DCA15B6}.Debug|Any CPU.ActiveCfg = Debug|Any CPU
		{DAA59975-2A95-45DC-8C65-582B9DCA15B6}.Debug|Any CPU.Build.0 = Debug|Any CPU
		{DAA59975-2A95-45DC-8C65-582B9DCA15B6}.Release|Any CPU.ActiveCfg = Release|Any CPU
		{DAA59975-2A95-45DC-8C65-582B9DCA15B6}.Release|Any CPU.Build.0 = Release|Any CPU
		{61FFD38A-AB7E-41BD-9DD2-C1A96A890934}.Debug|Any CPU.ActiveCfg = Debug|Any CPU
		{61FFD38A-AB7E-41BD-9DD2-C1A96A890934}.Debug|Any CPU.Build.0 = Debug|Any CPU
		{61FFD38A-AB7E-41BD-9DD2-C1A96A890934}.Release|Any CPU.ActiveCfg = Release|Any CPU
		{61FFD38A-AB7E-41BD-9DD2-C1A96A890934}.Release|Any CPU.Build.0 = Release|Any CPU
		{0EB0D077-5DEF-4683-8DB8-6BB9B22BB625}.Debug|Any CPU.ActiveCfg = Debug|Any CPU
		{0EB0D077-5DEF-4683-8DB8-6BB9B22BB625}.Debug|Any CPU.Build.0 = Debug|Any CPU
		{0EB0D077-5DEF-4683-8DB8-6BB9B22BB625}.Release|Any CPU.ActiveCfg = Release|Any CPU
		{0EB0D077-5DEF-4683-8DB8-6BB9B22BB625}.Release|Any CPU.Build.0 = Release|Any CPU
		{EFE1F38C-2238-4260-9F51-936A0CA22429}.Debug|Any CPU.ActiveCfg = Debug|Any CPU
		{EFE1F38C-2238-4260-9F51-936A0CA22429}.Debug|Any CPU.Build.0 = Debug|Any CPU
		{EFE1F38C-2238-4260-9F51-936A0CA22429}.Release|Any CPU.ActiveCfg = Release|Any CPU
		{EFE1F38C-2238-4260-9F51-936A0CA22429}.Release|Any CPU.Build.0 = Release|Any CPU
		{AD6E0056-4D9E-44CA-BDF2-99CBD64D8851}.Debug|Any CPU.ActiveCfg = Debug|Any CPU
		{AD6E0056-4D9E-44CA-BDF2-99CBD64D8851}.Debug|Any CPU.Build.0 = Debug|Any CPU
		{AD6E0056-4D9E-44CA-BDF2-99CBD64D8851}.Release|Any CPU.ActiveCfg = Release|Any CPU
		{AD6E0056-4D9E-44CA-BDF2-99CBD64D8851}.Release|Any CPU.Build.0 = Release|Any CPU
		{A557EEF1-C864-480E-BA69-E96924411A36}.Debug|Any CPU.ActiveCfg = Debug|Any CPU
		{A557EEF1-C864-480E-BA69-E96924411A36}.Debug|Any CPU.Build.0 = Debug|Any CPU
		{A557EEF1-C864-480E-BA69-E96924411A36}.Release|Any CPU.ActiveCfg = Release|Any CPU
		{A557EEF1-C864-480E-BA69-E96924411A36}.Release|Any CPU.Build.0 = Release|Any CPU
		{45005932-BA69-4E05-A513-F6769F468CC6}.Debug|Any CPU.ActiveCfg = Debug|Any CPU
		{45005932-BA69-4E05-A513-F6769F468CC6}.Debug|Any CPU.Build.0 = Debug|Any CPU
		{45005932-BA69-4E05-A513-F6769F468CC6}.Release|Any CPU.ActiveCfg = Release|Any CPU
		{45005932-BA69-4E05-A513-F6769F468CC6}.Release|Any CPU.Build.0 = Release|Any CPU
	EndGlobalSection
	GlobalSection(SolutionProperties) = preSolution
		HideSolutionNode = FALSE
	EndGlobalSection
EndGlobal
